
Microsoft Visual Studio Solution File, Format Version 12.00
# Visual Studio Version 17
VisualStudioVersion = 17.10.34928.147
MinimumVisualStudioVersion = 10.0.40219.1
Project("{FAE04EC0-301F-11D3-BF4B-00C04F79EFBC}") = "APITeste", "APITeste\APITeste.csproj", "{913E3B78-C5D9-48AC-9756-9E2F3DEDE5CC}"
EndProject
Global
	GlobalSection(SolutionConfigurationPlatforms) = preSolution
		Debug|Any CPU = Debug|Any CPU
		Release|Any CPU = Release|Any CPU
	EndGlobalSection
	GlobalSection(ProjectConfigurationPlatforms) = postSolution
		{913E3B78-C5D9-48AC-9756-9E2F3DEDE5CC}.Debug|Any CPU.ActiveCfg = Debug|Any CPU
		{913E3B78-C5D9-48AC-9756-9E2F3DEDE5CC}.Debug|Any CPU.Build.0 = Debug|Any CPU
		{913E3B78-C5D9-48AC-9756-9E2F3DEDE5CC}.Release|Any CPU.ActiveCfg = Release|Any CPU
		{913E3B78-C5D9-48AC-9756-9E2F3DEDE5CC}.Release|Any CPU.Build.0 = Release|Any CPU
	EndGlobalSection
	GlobalSection(SolutionProperties) = preSolution
		HideSolutionNode = FALSE
	EndGlobalSection
	GlobalSection(ExtensibilityGlobals) = postSolution
		SolutionGuid = {0CAD5F46-88C5-4337-A7E6-CD7FDD16511B}
	EndGlobalSection
EndGlobal
